
Microsoft Visual Studio Solution File, Format Version 12.00
# Visual Studio Version 17
VisualStudioVersion = 17.12.35527.113
MinimumVisualStudioVersion = 10.0.40219.1
Project("{FAE04EC0-301F-11D3-BF4B-00C04F79EFBC}") = "01DataTypes", "01DataTypes\01DataTypes.csproj", "{7522EC1C-C876-42D1-9BE3-2C3B6AE634CF}"
EndProject
Project("{FAE04EC0-301F-11D3-BF4B-00C04F79EFBC}") = "02Methods", "02Methods\02Methods.csproj", "{BC2E9AB7-F442-4CDE-8330-429477FDD083}"
EndProject
Project("{FAE04EC0-301F-11D3-BF4B-00C04F79EFBC}") = "03ConstructorDemo", "03ConstructorDemo\03ConstructorDemo.csproj", "{3B5640B2-DA02-45CF-B265-F9BD88F18EF0}"
EndProject
Project("{FAE04EC0-301F-11D3-BF4B-00C04F79EFBC}") = "04InheritanceDemo", "04InheritanceDemo\04InheritanceDemo.csproj", "{97EC8C05-940B-4C44-A718-2C3762CBA257}"
EndProject
Project("{FAE04EC0-301F-11D3-BF4B-00C04F79EFBC}") = "05Inheritancedemo", "05Inheritancedemo\05Inheritancedemo.csproj", "{8CE9A747-00DA-4CCE-8FDF-BEB077337599}"
EndProject
Project("{FAE04EC0-301F-11D3-BF4B-00C04F79EFBC}") = "06ExceptionHandlingDemo", "06ExceptionHandlingDemo\06ExceptionHandlingDemo.csproj", "{1E3DD276-ED54-42D3-B83F-503D5DD18F52}"
EndProject
Project("{FAE04EC0-301F-11D3-BF4B-00C04F79EFBC}") = "07GarbageCollector", "07GarbageCollector\07GarbageCollector.csproj", "{782C71B7-6C0C-4035-8615-F56A85613560}"
EndProject
Project("{FAE04EC0-301F-11D3-BF4B-00C04F79EFBC}") = "08Interface", "08Interface\08Interface.csproj", "{85C760AB-3EFF-46BD-81E6-85BFBD7511EA}"
EndProject
Project("{FAE04EC0-301F-11D3-BF4B-00C04F79EFBC}") = "09Interface2", "09Interface2\09Interface2.csproj", "{69C3AF09-AB6F-492E-9C8B-767A91CDB2FA}"
EndProject
Project("{FAE04EC0-301F-11D3-BF4B-00C04F79EFBC}") = "10AbstractClass", "10AbstractClass\10AbstractClass.csproj", "{6789FC26-1ABB-453B-B7B1-FB6E3C43D656}"
EndProject
Project("{FAE04EC0-301F-11D3-BF4B-00C04F79EFBC}") = "11logger", "11logger\11logger.csproj", "{F1FE4261-F00B-49E4-B1A8-75BB94696B3C}"
EndProject
Project("{FAE04EC0-301F-11D3-BF4B-00C04F79EFBC}") = "12Arrays", "12Collections\12Arrays.csproj", "{DF04A260-4719-4B32-B054-1687BFF4FE42}"
EndProject
Project("{FAE04EC0-301F-11D3-BF4B-00C04F79EFBC}") = "13CollectionDemo", "13CollectionDemo\13CollectionDemo.csproj", "{383D916E-4CFA-4B29-ACFF-683CEE446FC3}"
EndProject
Project("{FAE04EC0-301F-11D3-BF4B-00C04F79EFBC}") = "14PassByAndOutDemo", "14PassByAndOutDemo\14PassByAndOutDemo.csproj", "{3CE97BD8-742B-482C-8C02-341BBCE0C72C}"
EndProject
Project("{FAE04EC0-301F-11D3-BF4B-00C04F79EFBC}") = "15GenericsDemo", "15GenericsDemo\15GenericsDemo.csproj", "{A2F4E21F-5B28-47DB-8EEC-1ACA5FD4213D}"
EndProject
Project("{FAE04EC0-301F-11D3-BF4B-00C04F79EFBC}") = "16AccessModifier", "16AccessModifier1\16AccessModifier.csproj", "{52A67164-3FA9-4E1F-8B2C-617E28690CEF}"
EndProject
Project("{FAE04EC0-301F-11D3-BF4B-00C04F79EFBC}") = "17HostForDemoClass", "17HostForDemoClass\17HostForDemoClass.csproj", "{863A1BD4-4577-48EB-9838-20702BD8B0A3}"
EndProject
Project("{FAE04EC0-301F-11D3-BF4B-00C04F79EFBC}") = "18DelegateDemo", "18DelegateDemo\18DelegateDemo.csproj", "{4A601384-F70B-4E75-BBF5-D70C7B5D0806}"
EndProject
Project("{FAE04EC0-301F-11D3-BF4B-00C04F79EFBC}") = "19Event", "19Event\19Event.csproj", "{0FFDC395-5AF1-4227-A6C5-3E0F6092FF1F}"
EndProject
Project("{FAE04EC0-301F-11D3-BF4B-00C04F79EFBC}") = "20Swaping", "20Swaping\20Swaping.csproj", "{1D6C647E-2139-41A3-8329-576B3791E909}"
EndProject
Project("{FAE04EC0-301F-11D3-BF4B-00C04F79EFBC}") = "21FileIOSerialization", "21FileIOSerialization\21FileIOSerialization.csproj", "{B37C33DE-851B-40A2-9A43-975DFD077A4E}"
EndProject
Project("{FAE04EC0-301F-11D3-BF4B-00C04F79EFBC}") = "22demo", "22demo\22demo.csproj", "{3C83C699-EEEA-4057-9DFC-AC12ABCF5FBA}"
EndProject
Project("{FAE04EC0-301F-11D3-BF4B-00C04F79EFBC}") = "24reflextion", "24reflextion\24reflextion.csproj", "{B8B6AC49-1400-4137-9B99-A28C3BB24AC8}"
EndProject
Project("{FAE04EC0-301F-11D3-BF4B-00C04F79EFBC}") = "25HotelService", "25Practice\25HotelService.csproj", "{E79CC783-D5C4-47FA-858A-C04C7C6359AC}"
EndProject
Project("{2150E333-8FDC-42A3-9474-1A3956D46DE8}") = "Solution Items", "Solution Items", "{68D622DD-0E1C-4F0A-B12D-6934F3B19345}"
	ProjectSection(SolutionItems) = preProject
		.editorconfig = .editorconfig
	EndProjectSection
EndProject
Project("{FAE04EC0-301F-11D3-BF4B-00C04F79EFBC}") = "23class", "23class\23class.csproj", "{7A5030D7-773A-44B8-9123-DB46A28144B4}"
EndProject
Project("{FAE04EC0-301F-11D3-BF4B-00C04F79EFBC}") = "26Emp", "26Emp\26Emp.csproj", "{F8CD4A1E-E3F3-4737-A59A-C4F15090598D}"
EndProject
Project("{FAE04EC0-301F-11D3-BF4B-00C04F79EFBC}") = "27DBLib", "27DBLib\27DBLib.csproj", "{16FE6FA2-1ADC-4633-A3A3-25D0C60A2333}"
EndProject
Project("{FAE04EC0-301F-11D3-BF4B-00C04F79EFBC}") = "28SQLDemo", "28SQLDemo\28SQLDemo.csproj", "{103E6663-C56A-4C5F-A542-E797A2192FE6}"
EndProject
Project("{FAE04EC0-301F-11D3-BF4B-00C04F79EFBC}") = "29C#FeaturePartialClass", "29C#FeaturePartialClass\29C#FeaturePartialClass.csproj", "{A36A6E82-27D6-4CE1-B2AF-974ED1667708}"
EndProject
Project("{FAE04EC0-301F-11D3-BF4B-00C04F79EFBC}") = "30PartialClassDemo", "30PartialClassDemo\30PartialClassDemo.csproj", "{D9626506-7750-4E9D-9078-401CC428245D}"
EndProject
Project("{FAE04EC0-301F-11D3-BF4B-00C04F79EFBC}") = "31MenuCard", "31MenuCard\31MenuCard.csproj", "{E8806B72-A89A-480F-A8AF-5B3D4C1E119D}"
EndProject
Project("{FAE04EC0-301F-11D3-BF4B-00C04F79EFBC}") = "32CsharpFeature", "32CsharpFeature\32CsharpFeature.csproj", "{18E7A536-9929-43B9-9833-95F936C83252}"
EndProject
Project("{FAE04EC0-301F-11D3-BF4B-00C04F79EFBC}") = "33Csharpdemofeature", "33Csharpdemofeature\33Csharpdemofeature.csproj", "{F298B53F-27E8-4790-8A02-82F673B300EA}"
EndProject
Project("{FAE04EC0-301F-11D3-BF4B-00C04F79EFBC}") = "33LINQ", "33LINQ\33LINQ.csproj", "{160B6DF1-5D9F-4A4C-9E69-48B2096B3FB8}"
EndProject
Project("{FAE04EC0-301F-11D3-BF4B-00C04F79EFBC}") = "34ConnectionArchitectureDb", "34ConnectionArchitectureDb\34ConnectionArchitectureDb.csproj", "{940DEA11-7AF8-4C7B-81C8-8F1B1F2E202B}"
EndProject
Project("{FAE04EC0-301F-11D3-BF4B-00C04F79EFBC}") = "31DisConnectedArchitecture", "31DiConnectedArchitecture\31DisConnectedArchitecture.csproj", "{89861D2E-47E7-4884-A03F-8428E05533EA}"
EndProject
Project("{FAE04EC0-301F-11D3-BF4B-00C04F79EFBC}") = "35DisconnectedArchiDemo", "35DisconnectedArchiDemo\35DisconnectedArchiDemo.csproj", "{8B6A3D55-2802-4ECC-BA9E-2D89793CBA3D}"
EndProject
Project("{FAE04EC0-301F-11D3-BF4B-00C04F79EFBC}") = "36ConnectedArchiDemo", "36ConnectedArchiDemo\36ConnectedArchiDemo.csproj", "{7DA177E5-6290-441E-BE03-EA8C7C809606}"
EndProject
Project("{FAE04EC0-301F-11D3-BF4B-00C04F79EFBC}") = "37EntityFramework", "37EntityFramework\37EntityFramework.csproj", "{2DCED09D-3A8E-4787-B12D-52497A50F529}"
EndProject
Project("{FAE04EC0-301F-11D3-BF4B-00C04F79EFBC}") = "38ThreadingWindowsFormsDemo", "38ThreadingWindowsFormsDemo\38ThreadingWindowsFormsDemo.csproj", "{A8E6E617-ECE0-496C-A94B-181C76E5C84E}"
EndProject
Project("{FAE04EC0-301F-11D3-BF4B-00C04F79EFBC}") = "39ThreadingDemo", "39ThreadingDemo\39ThreadingDemo.csproj", "{43F46D18-9879-4B62-8904-E5285EF88D2E}"
EndProject
Global
	GlobalSection(SolutionConfigurationPlatforms) = preSolution
		Debug|Any CPU = Debug|Any CPU
		Release|Any CPU = Release|Any CPU
	EndGlobalSection
	GlobalSection(ProjectConfigurationPlatforms) = postSolution
		{7522EC1C-C876-42D1-9BE3-2C3B6AE634CF}.Debug|Any CPU.ActiveCfg = Debug|Any CPU
		{7522EC1C-C876-42D1-9BE3-2C3B6AE634CF}.Debug|Any CPU.Build.0 = Debug|Any CPU
		{7522EC1C-C876-42D1-9BE3-2C3B6AE634CF}.Release|Any CPU.ActiveCfg = Release|Any CPU
		{7522EC1C-C876-42D1-9BE3-2C3B6AE634CF}.Release|Any CPU.Build.0 = Release|Any CPU
		{BC2E9AB7-F442-4CDE-8330-429477FDD083}.Debug|Any CPU.ActiveCfg = Debug|Any CPU
		{BC2E9AB7-F442-4CDE-8330-429477FDD083}.Debug|Any CPU.Build.0 = Debug|Any CPU
		{BC2E9AB7-F442-4CDE-8330-429477FDD083}.Release|Any CPU.ActiveCfg = Release|Any CPU
		{BC2E9AB7-F442-4CDE-8330-429477FDD083}.Release|Any CPU.Build.0 = Release|Any CPU
		{3B5640B2-DA02-45CF-B265-F9BD88F18EF0}.Debug|Any CPU.ActiveCfg = Debug|Any CPU
		{3B5640B2-DA02-45CF-B265-F9BD88F18EF0}.Debug|Any CPU.Build.0 = Debug|Any CPU
		{3B5640B2-DA02-45CF-B265-F9BD88F18EF0}.Release|Any CPU.ActiveCfg = Release|Any CPU
		{3B5640B2-DA02-45CF-B265-F9BD88F18EF0}.Release|Any CPU.Build.0 = Release|Any CPU
		{97EC8C05-940B-4C44-A718-2C3762CBA257}.Debug|Any CPU.ActiveCfg = Debug|Any CPU
		{97EC8C05-940B-4C44-A718-2C3762CBA257}.Debug|Any CPU.Build.0 = Debug|Any CPU
		{97EC8C05-940B-4C44-A718-2C3762CBA257}.Release|Any CPU.ActiveCfg = Release|Any CPU
		{97EC8C05-940B-4C44-A718-2C3762CBA257}.Release|Any CPU.Build.0 = Release|Any CPU
		{8CE9A747-00DA-4CCE-8FDF-BEB077337599}.Debug|Any CPU.ActiveCfg = Debug|Any CPU
		{8CE9A747-00DA-4CCE-8FDF-BEB077337599}.Debug|Any CPU.Build.0 = Debug|Any CPU
		{8CE9A747-00DA-4CCE-8FDF-BEB077337599}.Release|Any CPU.ActiveCfg = Release|Any CPU
		{8CE9A747-00DA-4CCE-8FDF-BEB077337599}.Release|Any CPU.Build.0 = Release|Any CPU
		{1E3DD276-ED54-42D3-B83F-503D5DD18F52}.Debug|Any CPU.ActiveCfg = Debug|Any CPU
		{1E3DD276-ED54-42D3-B83F-503D5DD18F52}.Debug|Any CPU.Build.0 = Debug|Any CPU
		{1E3DD276-ED54-42D3-B83F-503D5DD18F52}.Release|Any CPU.ActiveCfg = Release|Any CPU
		{1E3DD276-ED54-42D3-B83F-503D5DD18F52}.Release|Any CPU.Build.0 = Release|Any CPU
		{782C71B7-6C0C-4035-8615-F56A85613560}.Debug|Any CPU.ActiveCfg = Debug|Any CPU
		{782C71B7-6C0C-4035-8615-F56A85613560}.Debug|Any CPU.Build.0 = Debug|Any CPU
		{782C71B7-6C0C-4035-8615-F56A85613560}.Release|Any CPU.ActiveCfg = Release|Any CPU
		{782C71B7-6C0C-4035-8615-F56A85613560}.Release|Any CPU.Build.0 = Release|Any CPU
		{85C760AB-3EFF-46BD-81E6-85BFBD7511EA}.Debug|Any CPU.ActiveCfg = Debug|Any CPU
		{85C760AB-3EFF-46BD-81E6-85BFBD7511EA}.Debug|Any CPU.Build.0 = Debug|Any CPU
		{85C760AB-3EFF-46BD-81E6-85BFBD7511EA}.Release|Any CPU.ActiveCfg = Release|Any CPU
		{85C760AB-3EFF-46BD-81E6-85BFBD7511EA}.Release|Any CPU.Build.0 = Release|Any CPU
		{69C3AF09-AB6F-492E-9C8B-767A91CDB2FA}.Debug|Any CPU.ActiveCfg = Debug|Any CPU
		{69C3AF09-AB6F-492E-9C8B-767A91CDB2FA}.Debug|Any CPU.Build.0 = Debug|Any CPU
		{69C3AF09-AB6F-492E-9C8B-767A91CDB2FA}.Release|Any CPU.ActiveCfg = Release|Any CPU
		{69C3AF09-AB6F-492E-9C8B-767A91CDB2FA}.Release|Any CPU.Build.0 = Release|Any CPU
		{6789FC26-1ABB-453B-B7B1-FB6E3C43D656}.Debug|Any CPU.ActiveCfg = Debug|Any CPU
		{6789FC26-1ABB-453B-B7B1-FB6E3C43D656}.Debug|Any CPU.Build.0 = Debug|Any CPU
		{6789FC26-1ABB-453B-B7B1-FB6E3C43D656}.Release|Any CPU.ActiveCfg = Release|Any CPU
		{6789FC26-1ABB-453B-B7B1-FB6E3C43D656}.Release|Any CPU.Build.0 = Release|Any CPU
		{F1FE4261-F00B-49E4-B1A8-75BB94696B3C}.Debug|Any CPU.ActiveCfg = Debug|Any CPU
		{F1FE4261-F00B-49E4-B1A8-75BB94696B3C}.Debug|Any CPU.Build.0 = Debug|Any CPU
		{F1FE4261-F00B-49E4-B1A8-75BB94696B3C}.Release|Any CPU.ActiveCfg = Release|Any CPU
		{F1FE4261-F00B-49E4-B1A8-75BB94696B3C}.Release|Any CPU.Build.0 = Release|Any CPU
		{DF04A260-4719-4B32-B054-1687BFF4FE42}.Debug|Any CPU.ActiveCfg = Debug|Any CPU
		{DF04A260-4719-4B32-B054-1687BFF4FE42}.Debug|Any CPU.Build.0 = Debug|Any CPU
		{DF04A260-4719-4B32-B054-1687BFF4FE42}.Release|Any CPU.ActiveCfg = Release|Any CPU
		{DF04A260-4719-4B32-B054-1687BFF4FE42}.Release|Any CPU.Build.0 = Release|Any CPU
		{383D916E-4CFA-4B29-ACFF-683CEE446FC3}.Debug|Any CPU.ActiveCfg = Debug|Any CPU
		{383D916E-4CFA-4B29-ACFF-683CEE446FC3}.Debug|Any CPU.Build.0 = Debug|Any CPU
		{383D916E-4CFA-4B29-ACFF-683CEE446FC3}.Release|Any CPU.ActiveCfg = Release|Any CPU
		{383D916E-4CFA-4B29-ACFF-683CEE446FC3}.Release|Any CPU.Build.0 = Release|Any CPU
		{3CE97BD8-742B-482C-8C02-341BBCE0C72C}.Debug|Any CPU.ActiveCfg = Debug|Any CPU
		{3CE97BD8-742B-482C-8C02-341BBCE0C72C}.Debug|Any CPU.Build.0 = Debug|Any CPU
		{3CE97BD8-742B-482C-8C02-341BBCE0C72C}.Release|Any CPU.ActiveCfg = Release|Any CPU
		{3CE97BD8-742B-482C-8C02-341BBCE0C72C}.Release|Any CPU.Build.0 = Release|Any CPU
		{A2F4E21F-5B28-47DB-8EEC-1ACA5FD4213D}.Debug|Any CPU.ActiveCfg = Debug|Any CPU
		{A2F4E21F-5B28-47DB-8EEC-1ACA5FD4213D}.Debug|Any CPU.Build.0 = Debug|Any CPU
		{A2F4E21F-5B28-47DB-8EEC-1ACA5FD4213D}.Release|Any CPU.ActiveCfg = Release|Any CPU
		{A2F4E21F-5B28-47DB-8EEC-1ACA5FD4213D}.Release|Any CPU.Build.0 = Release|Any CPU
		{52A67164-3FA9-4E1F-8B2C-617E28690CEF}.Debug|Any CPU.ActiveCfg = Debug|Any CPU
		{52A67164-3FA9-4E1F-8B2C-617E28690CEF}.Debug|Any CPU.Build.0 = Debug|Any CPU
		{52A67164-3FA9-4E1F-8B2C-617E28690CEF}.Release|Any CPU.ActiveCfg = Release|Any CPU
		{52A67164-3FA9-4E1F-8B2C-617E28690CEF}.Release|Any CPU.Build.0 = Release|Any CPU
		{863A1BD4-4577-48EB-9838-20702BD8B0A3}.Debug|Any CPU.ActiveCfg = Debug|Any CPU
		{863A1BD4-4577-48EB-9838-20702BD8B0A3}.Debug|Any CPU.Build.0 = Debug|Any CPU
		{863A1BD4-4577-48EB-9838-20702BD8B0A3}.Release|Any CPU.ActiveCfg = Release|Any CPU
		{863A1BD4-4577-48EB-9838-20702BD8B0A3}.Release|Any CPU.Build.0 = Release|Any CPU
		{4A601384-F70B-4E75-BBF5-D70C7B5D0806}.Debug|Any CPU.ActiveCfg = Debug|Any CPU
		{4A601384-F70B-4E75-BBF5-D70C7B5D0806}.Debug|Any CPU.Build.0 = Debug|Any CPU
		{4A601384-F70B-4E75-BBF5-D70C7B5D0806}.Release|Any CPU.ActiveCfg = Release|Any CPU
		{4A601384-F70B-4E75-BBF5-D70C7B5D0806}.Release|Any CPU.Build.0 = Release|Any CPU
		{0FFDC395-5AF1-4227-A6C5-3E0F6092FF1F}.Debug|Any CPU.ActiveCfg = Debug|Any CPU
		{0FFDC395-5AF1-4227-A6C5-3E0F6092FF1F}.Debug|Any CPU.Build.0 = Debug|Any CPU
		{0FFDC395-5AF1-4227-A6C5-3E0F6092FF1F}.Release|Any CPU.ActiveCfg = Release|Any CPU
		{0FFDC395-5AF1-4227-A6C5-3E0F6092FF1F}.Release|Any CPU.Build.0 = Release|Any CPU
		{1D6C647E-2139-41A3-8329-576B3791E909}.Debug|Any CPU.ActiveCfg = Debug|Any CPU
		{1D6C647E-2139-41A3-8329-576B3791E909}.Debug|Any CPU.Build.0 = Debug|Any CPU
		{1D6C647E-2139-41A3-8329-576B3791E909}.Release|Any CPU.ActiveCfg = Release|Any CPU
		{1D6C647E-2139-41A3-8329-576B3791E909}.Release|Any CPU.Build.0 = Release|Any CPU
		{B37C33DE-851B-40A2-9A43-975DFD077A4E}.Debug|Any CPU.ActiveCfg = Debug|Any CPU
		{B37C33DE-851B-40A2-9A43-975DFD077A4E}.Debug|Any CPU.Build.0 = Debug|Any CPU
		{B37C33DE-851B-40A2-9A43-975DFD077A4E}.Release|Any CPU.ActiveCfg = Release|Any CPU
		{B37C33DE-851B-40A2-9A43-975DFD077A4E}.Release|Any CPU.Build.0 = Release|Any CPU
		{3C83C699-EEEA-4057-9DFC-AC12ABCF5FBA}.Debug|Any CPU.ActiveCfg = Debug|Any CPU
		{3C83C699-EEEA-4057-9DFC-AC12ABCF5FBA}.Debug|Any CPU.Build.0 = Debug|Any CPU
		{3C83C699-EEEA-4057-9DFC-AC12ABCF5FBA}.Release|Any CPU.ActiveCfg = Release|Any CPU
		{3C83C699-EEEA-4057-9DFC-AC12ABCF5FBA}.Release|Any CPU.Build.0 = Release|Any CPU
		{B8B6AC49-1400-4137-9B99-A28C3BB24AC8}.Debug|Any CPU.ActiveCfg = Debug|Any CPU
		{B8B6AC49-1400-4137-9B99-A28C3BB24AC8}.Debug|Any CPU.Build.0 = Debug|Any CPU
		{B8B6AC49-1400-4137-9B99-A28C3BB24AC8}.Release|Any CPU.ActiveCfg = Release|Any CPU
		{B8B6AC49-1400-4137-9B99-A28C3BB24AC8}.Release|Any CPU.Build.0 = Release|Any CPU
		{E79CC783-D5C4-47FA-858A-C04C7C6359AC}.Debug|Any CPU.ActiveCfg = Debug|Any CPU
		{E79CC783-D5C4-47FA-858A-C04C7C6359AC}.Debug|Any CPU.Build.0 = Debug|Any CPU
		{E79CC783-D5C4-47FA-858A-C04C7C6359AC}.Release|Any CPU.ActiveCfg = Release|Any CPU
		{E79CC783-D5C4-47FA-858A-C04C7C6359AC}.Release|Any CPU.Build.0 = Release|Any CPU
		{7A5030D7-773A-44B8-9123-DB46A28144B4}.Debug|Any CPU.ActiveCfg = Debug|Any CPU
		{7A5030D7-773A-44B8-9123-DB46A28144B4}.Debug|Any CPU.Build.0 = Debug|Any CPU
		{7A5030D7-773A-44B8-9123-DB46A28144B4}.Release|Any CPU.ActiveCfg = Release|Any CPU
		{7A5030D7-773A-44B8-9123-DB46A28144B4}.Release|Any CPU.Build.0 = Release|Any CPU
		{F8CD4A1E-E3F3-4737-A59A-C4F15090598D}.Debug|Any CPU.ActiveCfg = Debug|Any CPU
		{F8CD4A1E-E3F3-4737-A59A-C4F15090598D}.Debug|Any CPU.Build.0 = Debug|Any CPU
		{F8CD4A1E-E3F3-4737-A59A-C4F15090598D}.Release|Any CPU.ActiveCfg = Release|Any CPU
		{F8CD4A1E-E3F3-4737-A59A-C4F15090598D}.Release|Any CPU.Build.0 = Release|Any CPU
		{16FE6FA2-1ADC-4633-A3A3-25D0C60A2333}.Debug|Any CPU.ActiveCfg = Debug|Any CPU
		{16FE6FA2-1ADC-4633-A3A3-25D0C60A2333}.Debug|Any CPU.Build.0 = Debug|Any CPU
		{16FE6FA2-1ADC-4633-A3A3-25D0C60A2333}.Release|Any CPU.ActiveCfg = Release|Any CPU
		{16FE6FA2-1ADC-4633-A3A3-25D0C60A2333}.Release|Any CPU.Build.0 = Release|Any CPU
		{103E6663-C56A-4C5F-A542-E797A2192FE6}.Debug|Any CPU.ActiveCfg = Debug|Any CPU
		{103E6663-C56A-4C5F-A542-E797A2192FE6}.Debug|Any CPU.Build.0 = Debug|Any CPU
		{103E6663-C56A-4C5F-A542-E797A2192FE6}.Release|Any CPU.ActiveCfg = Release|Any CPU
		{103E6663-C56A-4C5F-A542-E797A2192FE6}.Release|Any CPU.Build.0 = Release|Any CPU
		{A36A6E82-27D6-4CE1-B2AF-974ED1667708}.Debug|Any CPU.ActiveCfg = Debug|Any CPU
		{A36A6E82-27D6-4CE1-B2AF-974ED1667708}.Debug|Any CPU.Build.0 = Debug|Any CPU
		{A36A6E82-27D6-4CE1-B2AF-974ED1667708}.Release|Any CPU.ActiveCfg = Release|Any CPU
		{A36A6E82-27D6-4CE1-B2AF-974ED1667708}.Release|Any CPU.Build.0 = Release|Any CPU
		{D9626506-7750-4E9D-9078-401CC428245D}.Debug|Any CPU.ActiveCfg = Debug|Any CPU
		{D9626506-7750-4E9D-9078-401CC428245D}.Debug|Any CPU.Build.0 = Debug|Any CPU
		{D9626506-7750-4E9D-9078-401CC428245D}.Release|Any CPU.ActiveCfg = Release|Any CPU
		{D9626506-7750-4E9D-9078-401CC428245D}.Release|Any CPU.Build.0 = Release|Any CPU
		{E8806B72-A89A-480F-A8AF-5B3D4C1E119D}.Debug|Any CPU.ActiveCfg = Debug|Any CPU
		{E8806B72-A89A-480F-A8AF-5B3D4C1E119D}.Debug|Any CPU.Build.0 = Debug|Any CPU
		{E8806B72-A89A-480F-A8AF-5B3D4C1E119D}.Release|Any CPU.ActiveCfg = Release|Any CPU
		{E8806B72-A89A-480F-A8AF-5B3D4C1E119D}.Release|Any CPU.Build.0 = Release|Any CPU
		{18E7A536-9929-43B9-9833-95F936C83252}.Debug|Any CPU.ActiveCfg = Debug|Any CPU
		{18E7A536-9929-43B9-9833-95F936C83252}.Debug|Any CPU.Build.0 = Debug|Any CPU
		{18E7A536-9929-43B9-9833-95F936C83252}.Release|Any CPU.ActiveCfg = Release|Any CPU
		{18E7A536-9929-43B9-9833-95F936C83252}.Release|Any CPU.Build.0 = Release|Any CPU
		{F298B53F-27E8-4790-8A02-82F673B300EA}.Debug|Any CPU.ActiveCfg = Debug|Any CPU
		{F298B53F-27E8-4790-8A02-82F673B300EA}.Debug|Any CPU.Build.0 = Debug|Any CPU
		{F298B53F-27E8-4790-8A02-82F673B300EA}.Release|Any CPU.ActiveCfg = Release|Any CPU
		{F298B53F-27E8-4790-8A02-82F673B300EA}.Release|Any CPU.Build.0 = Release|Any CPU
		{160B6DF1-5D9F-4A4C-9E69-48B2096B3FB8}.Debug|Any CPU.ActiveCfg = Debug|Any CPU
		{160B6DF1-5D9F-4A4C-9E69-48B2096B3FB8}.Debug|Any CPU.Build.0 = Debug|Any CPU
		{160B6DF1-5D9F-4A4C-9E69-48B2096B3FB8}.Release|Any CPU.ActiveCfg = Release|Any CPU
		{160B6DF1-5D9F-4A4C-9E69-48B2096B3FB8}.Release|Any CPU.Build.0 = Release|Any CPU
		{940DEA11-7AF8-4C7B-81C8-8F1B1F2E202B}.Debug|Any CPU.ActiveCfg = Debug|Any CPU
		{940DEA11-7AF8-4C7B-81C8-8F1B1F2E202B}.Debug|Any CPU.Build.0 = Debug|Any CPU
		{940DEA11-7AF8-4C7B-81C8-8F1B1F2E202B}.Release|Any CPU.ActiveCfg = Release|Any CPU
		{940DEA11-7AF8-4C7B-81C8-8F1B1F2E202B}.Release|Any CPU.Build.0 = Release|Any CPU
		{89861D2E-47E7-4884-A03F-8428E05533EA}.Debug|Any CPU.ActiveCfg = Debug|Any CPU
		{89861D2E-47E7-4884-A03F-8428E05533EA}.Debug|Any CPU.Build.0 = Debug|Any CPU
		{89861D2E-47E7-4884-A03F-8428E05533EA}.Release|Any CPU.ActiveCfg = Release|Any CPU
		{89861D2E-47E7-4884-A03F-8428E05533EA}.Release|Any CPU.Build.0 = Release|Any CPU
		{8B6A3D55-2802-4ECC-BA9E-2D89793CBA3D}.Debug|Any CPU.ActiveCfg = Debug|Any CPU
		{8B6A3D55-2802-4ECC-BA9E-2D89793CBA3D}.Debug|Any CPU.Build.0 = Debug|Any CPU
		{8B6A3D55-2802-4ECC-BA9E-2D89793CBA3D}.Release|Any CPU.ActiveCfg = Release|Any CPU
		{8B6A3D55-2802-4ECC-BA9E-2D89793CBA3D}.Release|Any CPU.Build.0 = Release|Any CPU
		{7DA177E5-6290-441E-BE03-EA8C7C809606}.Debug|Any CPU.ActiveCfg = Debug|Any CPU
		{7DA177E5-6290-441E-BE03-EA8C7C809606}.Debug|Any CPU.Build.0 = Debug|Any CPU
		{7DA177E5-6290-441E-BE03-EA8C7C809606}.Release|Any CPU.ActiveCfg = Release|Any CPU
		{7DA177E5-6290-441E-BE03-EA8C7C809606}.Release|Any CPU.Build.0 = Release|Any CPU
		{2DCED09D-3A8E-4787-B12D-52497A50F529}.Debug|Any CPU.ActiveCfg = Debug|Any CPU
		{2DCED09D-3A8E-4787-B12D-52497A50F529}.Debug|Any CPU.Build.0 = Debug|Any CPU
		{2DCED09D-3A8E-4787-B12D-52497A50F529}.Release|Any CPU.ActiveCfg = Release|Any CPU
		{2DCED09D-3A8E-4787-B12D-52497A50F529}.Release|Any CPU.Build.0 = Release|Any CPU
		{A8E6E617-ECE0-496C-A94B-181C76E5C84E}.Debug|Any CPU.ActiveCfg = Debug|Any CPU
		{A8E6E617-ECE0-496C-A94B-181C76E5C84E}.Debug|Any CPU.Build.0 = Debug|Any CPU
		{A8E6E617-ECE0-496C-A94B-181C76E5C84E}.Release|Any CPU.ActiveCfg = Release|Any CPU
		{A8E6E617-ECE0-496C-A94B-181C76E5C84E}.Release|Any CPU.Build.0 = Release|Any CPU
		{43F46D18-9879-4B62-8904-E5285EF88D2E}.Debug|Any CPU.ActiveCfg = Debug|Any CPU
		{43F46D18-9879-4B62-8904-E5285EF88D2E}.Debug|Any CPU.Build.0 = Debug|Any CPU
		{43F46D18-9879-4B62-8904-E5285EF88D2E}.Release|Any CPU.ActiveCfg = Release|Any CPU
		{43F46D18-9879-4B62-8904-E5285EF88D2E}.Release|Any CPU.Build.0 = Release|Any CPU
	EndGlobalSection
	GlobalSection(SolutionProperties) = preSolution
		HideSolutionNode = FALSE
	EndGlobalSection
	GlobalSection(NestedProjects) = preSolution
		{F298B53F-27E8-4790-8A02-82F673B300EA} = {68D622DD-0E1C-4F0A-B12D-6934F3B19345}
	EndGlobalSection
EndGlobal
